
Microsoft Visual Studio Solution File, Format Version 12.00
# Visual Studio Version 16
VisualStudioVersion = 16.0.30413.136
MinimumVisualStudioVersion = 10.0.40219.1
Project("{FAE04EC0-301F-11D3-BF4B-00C04F79EFBC}") = "ProgtételekWPF", "WpfApp2\ProgtételekWPF.csproj", "{D44197FD-8ED9-4396-A54B-9B2D8BB89144}"
EndProject
Global
	GlobalSection(SolutionConfigurationPlatforms) = preSolution
		Debug|Any CPU = Debug|Any CPU
		Release|Any CPU = Release|Any CPU
	EndGlobalSection
	GlobalSection(ProjectConfigurationPlatforms) = postSolution
		{D44197FD-8ED9-4396-A54B-9B2D8BB89144}.Debug|Any CPU.ActiveCfg = Debug|Any CPU
		{D44197FD-8ED9-4396-A54B-9B2D8BB89144}.Debug|Any CPU.Build.0 = Debug|Any CPU
		{D44197FD-8ED9-4396-A54B-9B2D8BB89144}.Release|Any CPU.ActiveCfg = Release|Any CPU
		{D44197FD-8ED9-4396-A54B-9B2D8BB89144}.Release|Any CPU.Build.0 = Release|Any CPU
	EndGlobalSection
	GlobalSection(SolutionProperties) = preSolution
		HideSolutionNode = FALSE
	EndGlobalSection
	GlobalSection(ExtensibilityGlobals) = postSolution
		SolutionGuid = {476CFFA7-C970-4DFE-8F7D-D86B130C2299}
	EndGlobalSection
EndGlobal
